
Microsoft Visual Studio Solution File, Format Version 12.00
# Visual Studio Version 17
VisualStudioVersion = 17.8.34316.72
MinimumVisualStudioVersion = 10.0.40219.1
Project("{FAE04EC0-301F-11D3-BF4B-00C04F79EFBC}") = "SmidgeWeb", "SmidgeWeb.csproj", "{7AADBFE8-F718-4012-80C9-5323399D8EAC}"
EndProject
Global
	GlobalSection(SolutionConfigurationPlatforms) = preSolution
		Debug|Any CPU = Debug|Any CPU
		Release|Any CPU = Release|Any CPU
	EndGlobalSection
	GlobalSection(ProjectConfigurationPlatforms) = postSolution
		{7AADBFE8-F718-4012-80C9-5323399D8EAC}.Debug|Any CPU.ActiveCfg = Debug|Any CPU
		{7AADBFE8-F718-4012-80C9-5323399D8EAC}.Debug|Any CPU.Build.0 = Debug|Any CPU
		{7AADBFE8-F718-4012-80C9-5323399D8EAC}.Release|Any CPU.ActiveCfg = Release|Any CPU
		{7AADBFE8-F718-4012-80C9-5323399D8EAC}.Release|Any CPU.Build.0 = Release|Any CPU
	EndGlobalSection
	GlobalSection(SolutionProperties) = preSolution
		HideSolutionNode = FALSE
	EndGlobalSection
	GlobalSection(ExtensibilityGlobals) = postSolution
		SolutionGuid = {524791FA-4B93-4C5A-B022-70037A3B839F}
	EndGlobalSection
EndGlobal
